
Microsoft Visual Studio Solution File, Format Version 12.00
# Visual Studio Version 17
VisualStudioVersion = 17.3.32929.385
MinimumVisualStudioVersion = 10.0.40219.1
Project("{9A19103F-16F7-4668-BE54-9A1E7A4F7556}") = "PeopleClasses", "PeopleClasses\PeopleClasses.csproj", "{ECA1745A-599F-43F5-816A-4BAF5A6DD705}"
EndProject
Project("{9A19103F-16F7-4668-BE54-9A1E7A4F7556}") = "TextBasedAdventure", "TextBasedAdventure\TextBasedAdventure.csproj", "{863015CF-3BE9-4A8A-B2F3-606911856B65}"
EndProject
Global
	GlobalSection(SolutionConfigurationPlatforms) = preSolution
		Debug|Any CPU = Debug|Any CPU
		Release|Any CPU = Release|Any CPU
	EndGlobalSection
	GlobalSection(ProjectConfigurationPlatforms) = postSolution
		{ECA1745A-599F-43F5-816A-4BAF5A6DD705}.Debug|Any CPU.ActiveCfg = Debug|Any CPU
		{ECA1745A-599F-43F5-816A-4BAF5A6DD705}.Debug|Any CPU.Build.0 = Debug|Any CPU
		{ECA1745A-599F-43F5-816A-4BAF5A6DD705}.Release|Any CPU.ActiveCfg = Release|Any CPU
		{ECA1745A-599F-43F5-816A-4BAF5A6DD705}.Release|Any CPU.Build.0 = Release|Any CPU
		{863015CF-3BE9-4A8A-B2F3-606911856B65}.Debug|Any CPU.ActiveCfg = Debug|Any CPU
		{863015CF-3BE9-4A8A-B2F3-606911856B65}.Debug|Any CPU.Build.0 = Debug|Any CPU
		{863015CF-3BE9-4A8A-B2F3-606911856B65}.Release|Any CPU.ActiveCfg = Release|Any CPU
		{863015CF-3BE9-4A8A-B2F3-606911856B65}.Release|Any CPU.Build.0 = Release|Any CPU
	EndGlobalSection
	GlobalSection(SolutionProperties) = preSolution
		HideSolutionNode = FALSE
	EndGlobalSection
	GlobalSection(ExtensibilityGlobals) = postSolution
		SolutionGuid = {377C752F-43F9-49ED-AF19-0F3100FFEFD1}
	EndGlobalSection
EndGlobal
